PATH
  remote: .
  specs:
    herb-embedded (0.10.3.0)
      herb (~> 0.10.3)
      mini_racer (~> 0.22)

GEM
  remote: https://rubygems.org/
  specs:
    ast (2.4.3)
    diff-lcs (1.6.2)
    herb (0.10.3)
    herb (0.10.3-aarch64-linux-gnu)
    herb (0.10.3-aarch64-linux-musl)
    herb (0.10.3-arm64-darwin)
    herb (0.10.3-x86_64-darwin)
    herb (0.10.3-x86_64-linux-gnu)
    herb (0.10.3-x86_64-linux-musl)
    json (2.21.2)
    language_server-protocol (3.17.0.6)
    libv8-node (24.12.0.1)
    libv8-node (24.12.0.1-aarch64-linux)
    libv8-node (24.12.0.1-aarch64-linux-musl)
    libv8-node (24.12.0.1-arm64-darwin)
    libv8-node (24.12.0.1-x86_64-darwin)
    libv8-node (24.12.0.1-x86_64-linux)
    libv8-node (24.12.0.1-x86_64-linux-musl)
    lint_roller (1.1.0)
    mini_racer (0.22.0)
      libv8-node (~> 24.12.0.1)
    parallel (2.1.0)
    parser (3.3.12.0)
      ast (~> 2.4.1)
      racc
    prism (1.9.0)
    racc (1.8.1)
    rainbow (3.1.1)
    rake (13.4.2)
    regexp_parser (2.12.0)
    rspec (3.13.2)
      rspec-core (~> 3.13.0)
      rspec-expectations (~> 3.13.0)
      rspec-mocks (~> 3.13.0)
    rspec-core (3.13.6)
      rspec-support (~> 3.13.0)
    rspec-expectations (3.13.5)
      diff-lcs (>= 1.2.0, < 2.0)
      rspec-support (~> 3.13.0)
    rspec-mocks (3.13.8)
      diff-lcs (>= 1.2.0, < 2.0)
      rspec-support (~> 3.13.0)
    rspec-support (3.13.7)
    rubocop (1.89.0)
      json (~> 2.3)
      language_server-protocol (~> 3.17.0.2)
      lint_roller (~> 1.1.0)
      parallel (>= 1.10)
      parser (>= 3.3.0.2)
      rainbow (>= 2.2.2, < 4.0)
      regexp_parser (>= 2.9.3, < 3.0)
      rubocop-ast (>= 1.49.0, < 2.0)
      ruby-progressbar (~> 1.7)
      unicode-display_width (>= 2.4.0, < 4.0)
    rubocop-ast (1.50.0)
      parser (>= 3.3.7.2)
      prism (~> 1.7)
    rubocop-rake (0.7.1)
      lint_roller (~> 1.1)
      rubocop (>= 1.72.1)
    rubocop-rspec (3.10.2)
      lint_roller (~> 1.1)
      regexp_parser (>= 2.0)
      rubocop (~> 1.86, >= 1.86.2)
    ruby-progressbar (1.13.0)
    unicode-display_width (3.2.0)
      unicode-emoji (~> 4.1)
    unicode-emoji (4.2.0)

PLATFORMS
  aarch64-linux
  aarch64-linux-musl
  arm64-darwin
  ruby
  x86_64-darwin
  x86_64-linux
  x86_64-linux-musl

DEPENDENCIES
  herb-embedded!
  rake (= 13.4.2)
  rspec (= 3.13.2)
  rubocop
  rubocop-rake
  rubocop-rspec

CHECKSUMS
  ast (2.4.3) sha256=954615157c1d6a382bc27d690d973195e79db7f55e9765ac7c481c60bdb4d383
  bundler (4.0.16) sha256=d6ca5dd440c24f9abce9844cf44cc8e18c6a553de65a47efb4544137af92c47d
  diff-lcs (1.6.2) sha256=9ae0d2cba7d4df3075fe8cd8602a8604993efc0dfa934cff568969efb1909962
  herb (0.10.3) sha256=da76e8bfbb302586ee51a4fb608624f48218fbfea198a9493540b42f7654024b
  herb (0.10.3-aarch64-linux-gnu) sha256=1eaea87e6577557492a1b0ddaae989fba8a8ddd382e888ee5f939ce6ded06eb8
  herb (0.10.3-aarch64-linux-musl) sha256=4ac7ccd194f8f284ffc7bf093676f5194cf0f44ea4a7d3888eac095e81c43e1f
  herb (0.10.3-arm64-darwin) sha256=1a5bef57d925d775496328e7a01a9c1260e1d83bed8038b60a4f8c81b12c15a3
  herb (0.10.3-x86_64-darwin) sha256=e02e43b3bb1977f4fd08f3330b5f2aa3292ca2d572a8bd59688eca8b79725f46
  herb (0.10.3-x86_64-linux-gnu) sha256=cbb49b66f2bdc92d17109d1ea9452e88ba6a8ae52e9ddd5279deff83dcc4c66d
  herb (0.10.3-x86_64-linux-musl) sha256=c84482d6b57f13c2e1a0fa029649efb0e5fdc876a3fd564bae09cf42bd4d5ae1
  herb-embedded (0.10.3.0)
  json (2.21.2) sha256=1f1d3b7cf2b3ba1a69beca0bb6db13d5438b80bff3cd54cdaaa620b9b07c1c6a
  language_server-protocol (3.17.0.6) sha256=5ef2c0c138f8267e1bc631d3328347d354f96724b0af22f2c79516120443b7f0
  libv8-node (24.12.0.1) sha256=d93d23b861bfe5de3ba829e34a142402fb83b4c3592dd58d9ac4e027588d739a
  libv8-node (24.12.0.1-aarch64-linux) sha256=22bd0246cde85d70c88cf772727ac3677a20ac1d169105f82efe5f1f7c39f755
  libv8-node (24.12.0.1-aarch64-linux-musl) sha256=791b5960f79525e87d1bd1e5f2bf3715ef2a38bac6c97f297853e98a8411ba89
  libv8-node (24.12.0.1-arm64-darwin) sha256=124904a46b4a15c01ac024b4cf537dcf199cfb49a309cc59f66315e156e48339
  libv8-node (24.12.0.1-x86_64-darwin) sha256=5eee594393e7a27dc230a7fca5f9f72fc11ed58bce655624a683f4d027bf2d16
  libv8-node (24.12.0.1-x86_64-linux) sha256=e1236be4765edc109bd6ecef2989cf781bdcbac6f6e2cb3236ec9568540a9cfa
  libv8-node (24.12.0.1-x86_64-linux-musl) sha256=7563175534c40893815bfd28e8fe27e12ff1656700c7208f53de06d14001712b
  lint_roller (1.1.0) sha256=2c0c845b632a7d172cb849cc90c1bce937a28c5c8ccccb50dfd46a485003cc87
  mini_racer (0.22.0) sha256=52e4c1797bcb01be550d8317764ac5ca8aa96b37f8f72dec6e090db99847ae30
  parallel (2.1.0) sha256=b35258865c2e31134c5ecb708beaaf6772adf9d5efae28e93e99260877b09356
  parser (3.3.12.0) sha256=21a6d7f755d5a24dfbdc6e6b772e4e879a52e7631a88bc5a3a134606052c9828
  prism (1.9.0) sha256=7b530c6a9f92c24300014919c9dcbc055bf4cdf51ec30aed099b06cd6674ef85
  racc (1.8.1) sha256=4a7f6929691dbec8b5209a0b373bc2614882b55fc5d2e447a21aaa691303d62f
  rainbow (3.1.1) sha256=039491aa3a89f42efa1d6dec2fc4e62ede96eb6acd95e52f1ad581182b79bc6a
  rake (13.4.2) sha256=cb825b2bd5f1f8e91ca37bddb4b9aaf345551b4731da62949be002fa89283701
  regexp_parser (2.12.0) sha256=35a916a1d63190ab5c9009457136ae5f3c0c7512d60291d0d1378ba18ce08ebb
  rspec (3.13.2) sha256=206284a08ad798e61f86d7ca3e376718d52c0bc944626b2349266f239f820587
  rspec-core (3.13.6) sha256=a8823c6411667b60a8bca135364351dda34cd55e44ff94c4be4633b37d828b2d
  rspec-expectations (3.13.5) sha256=33a4d3a1d95060aea4c94e9f237030a8f9eae5615e9bd85718fe3a09e4b58836
  rspec-mocks (3.13.8) sha256=086ad3d3d17533f4237643de0b5c42f04b66348c28bf6b9c2d3f4a3b01af1d47
  rspec-support (3.13.7) sha256=0640e5570872aafefd79867901deeeeb40b0c9875a36b983d85f54fb7381c47c
  rubocop (1.89.0) sha256=4dee8e3ee9c45e474834efd9e8d6fd031e8331c8dacdff0de4ad65ae0a6faae7
  rubocop-ast (1.50.0) sha256=b9ca88300da0803ee222ad20cdb30494c0a784eed06fdc35d254b06d662788db
  rubocop-rake (0.7.1) sha256=3797f2b6810c3e9df7376c26d5f44f3475eda59eb1adc38e6f62ecf027cbae4d
  rubocop-rspec (3.10.2) sha256=0b3e2ecc592cd10ecbf0095bb58d1e357905276e069643523cc19eb7495f65e2
  ruby-progressbar (1.13.0) sha256=80fc9c47a9b640d6834e0dc7b3c94c9df37f08cb072b7761e4a71e22cff29b33
  unicode-display_width (3.2.0) sha256=0cdd96b5681a5949cdbc2c55e7b420facae74c4aaf9a9815eee1087cb1853c42
  unicode-emoji (4.2.0) sha256=519e69150f75652e40bf736106cfbc8f0f73aa3fb6a65afe62fefa7f80b0f80f

RUBY VERSION
  ruby 4.0.6

BUNDLED WITH
  4.0.16
